github.com/pallinder/go-randomdata v1.2.0 h1:EJPxw+sgM1mbMW8RBu5zkG4FbloJpDOCCqPccdWto8A=
github.com/pallinder/go-randomdata v1.2.0/go.mod h1:p8CasZQiWDLuaKy5ihVvdshqc7LlL6ovmRxAuNXgi3U=
golang.org/x/text v0.16.0 h1:a94ExnEXNtEwYLGJSIUxnWoxoRz/ZcCsV63ROupILh4=
golang.org/x/text v0.16.0/go.mod h1:GhwF1Be+LQoKShO3cGOHzqOgRrGaYc9AvblQOmPVHnI=
